
Microsoft Visual Studio Solution File, Format Version 11.00
# Visual Studio 2010
Project("{FAE04EC0-301F-11D3-BF4B-00C04F79EFBC}") = "Editor.GUI", "src\Editor.GUI\Editor.GUI.csproj", "{47A36FCD-5FD2-4E74-BAE3-09FD2F22BF56}"
EndProject
Project("{FAE04EC0-301F-11D3-BF4B-00C04F79EFBC}") = "Editor.Renderer", "src\Editor.Renderer\Editor.Renderer\Editor.Renderer.csproj", "{A9DBF543-853A-46A9-83A8-E67FB7FC1D4C}"
EndProject
Project("{FAE04EC0-301F-11D3-BF4B-00C04F79EFBC}") = "RendererContent", "src\Editor.Renderer\Editor.RendererContent\RendererContent.contentproj", "{8B7AD080-A4DA-4F67-99A2-8F6548BE5225}"
EndProject
Project("{2150E333-8FDC-42A3-9474-1A3956D46DE8}") = "Editor", "Editor", "{23AFF0CC-CC5C-4686-9400-F16836D42722}"
EndProject
Project("{2150E333-8FDC-42A3-9474-1A3956D46DE8}") = "Engine", "Engine", "{940724BB-A45E-4359-8789-F015A96A3796}"
EndProject
Project("{FAE04EC0-301F-11D3-BF4B-00C04F79EFBC}") = "Engine.Core", "src\Engine.Core\Engine.Core.csproj", "{8D3B71D1-B287-437C-85AD-5019BC9AE233}"
EndProject
Project("{FAE04EC0-301F-11D3-BF4B-00C04F79EFBC}") = "Engine.Game", "src\Engine.Game\Engine.Game\Engine.Game.csproj", "{882F9EEA-2DF7-4C81-AE72-897E91CF5CD0}"
EndProject
Project("{FAE04EC0-301F-11D3-BF4B-00C04F79EFBC}") = "Engine.GameContent", "src\Engine.Game\Engine.GameContent\Engine.GameContent.contentproj", "{B3ABC81E-B8BB-4FA0-98E6-AC1647F771AB}"
EndProject
Global
	GlobalSection(SolutionConfigurationPlatforms) = preSolution
		Debug|x86 = Debug|x86
		Release|x86 = Release|x86
	EndGlobalSection
	GlobalSection(ProjectConfigurationPlatforms) = postSolution
		{47A36FCD-5FD2-4E74-BAE3-09FD2F22BF56}.Debug|x86.ActiveCfg = Debug|x86
		{47A36FCD-5FD2-4E74-BAE3-09FD2F22BF56}.Debug|x86.Build.0 = Debug|x86
		{47A36FCD-5FD2-4E74-BAE3-09FD2F22BF56}.Release|x86.ActiveCfg = Release|x86
		{47A36FCD-5FD2-4E74-BAE3-09FD2F22BF56}.Release|x86.Build.0 = Release|x86
		{A9DBF543-853A-46A9-83A8-E67FB7FC1D4C}.Debug|x86.ActiveCfg = Debug|x86
		{A9DBF543-853A-46A9-83A8-E67FB7FC1D4C}.Debug|x86.Build.0 = Debug|x86
		{A9DBF543-853A-46A9-83A8-E67FB7FC1D4C}.Release|x86.ActiveCfg = Release|x86
		{A9DBF543-853A-46A9-83A8-E67FB7FC1D4C}.Release|x86.Build.0 = Release|x86
		{8B7AD080-A4DA-4F67-99A2-8F6548BE5225}.Debug|x86.ActiveCfg = Debug|x86
		{8B7AD080-A4DA-4F67-99A2-8F6548BE5225}.Release|x86.ActiveCfg = Release|x86
		{8D3B71D1-B287-437C-85AD-5019BC9AE233}.Debug|x86.ActiveCfg = Debug|x86
		{8D3B71D1-B287-437C-85AD-5019BC9AE233}.Debug|x86.Build.0 = Debug|x86
		{8D3B71D1-B287-437C-85AD-5019BC9AE233}.Release|x86.ActiveCfg = Release|x86
		{8D3B71D1-B287-437C-85AD-5019BC9AE233}.Release|x86.Build.0 = Release|x86
		{882F9EEA-2DF7-4C81-AE72-897E91CF5CD0}.Debug|x86.ActiveCfg = Debug|x86
		{882F9EEA-2DF7-4C81-AE72-897E91CF5CD0}.Debug|x86.Build.0 = Debug|x86
		{882F9EEA-2DF7-4C81-AE72-897E91CF5CD0}.Release|x86.ActiveCfg = Release|x86
		{882F9EEA-2DF7-4C81-AE72-897E91CF5CD0}.Release|x86.Build.0 = Release|x86
		{B3ABC81E-B8BB-4FA0-98E6-AC1647F771AB}.Debug|x86.ActiveCfg = Debug|x86
		{B3ABC81E-B8BB-4FA0-98E6-AC1647F771AB}.Release|x86.ActiveCfg = Release|x86
	EndGlobalSection
	GlobalSection(SolutionProperties) = preSolution
		HideSolutionNode = FALSE
	EndGlobalSection
	GlobalSection(NestedProjects) = preSolution
		{A9DBF543-853A-46A9-83A8-E67FB7FC1D4C} = {23AFF0CC-CC5C-4686-9400-F16836D42722}
		{8B7AD080-A4DA-4F67-99A2-8F6548BE5225} = {23AFF0CC-CC5C-4686-9400-F16836D42722}
		{47A36FCD-5FD2-4E74-BAE3-09FD2F22BF56} = {23AFF0CC-CC5C-4686-9400-F16836D42722}
		{8D3B71D1-B287-437C-85AD-5019BC9AE233} = {940724BB-A45E-4359-8789-F015A96A3796}
		{882F9EEA-2DF7-4C81-AE72-897E91CF5CD0} = {940724BB-A45E-4359-8789-F015A96A3796}
		{B3ABC81E-B8BB-4FA0-98E6-AC1647F771AB} = {940724BB-A45E-4359-8789-F015A96A3796}
	EndGlobalSection
EndGlobal
